
Microsoft Visual Studio Solution File, Format Version 12.00
# Visual Studio 15
VisualStudioVersion = 15.0.27703.2042
MinimumVisualStudioVersion = 10.0.40219.1
Project("{9A19103F-16F7-4668-BE54-9A1E7A4F7556}") = "Cheapware.Library", "Cheapware.Library\Cheapware.Library.csproj", "{215CFA57-FD0C-45D3-8193-9C8D465111E3}"
EndProject
Project("{FAE04EC0-301F-11D3-BF4B-00C04F79EFBC}") = "Cheapware.Data", "Cheapware.Data\Cheapware.Data.csproj", "{1EEE89FB-64B6-4696-B31B-1D49AC45C09D}"
EndProject
Global
	GlobalSection(SolutionConfigurationPlatforms) = preSolution
		Debug|Any CPU = Debug|Any CPU
		Release|Any CPU = Release|Any CPU
	EndGlobalSection
	GlobalSection(ProjectConfigurationPlatforms) = postSolution
		{215CFA57-FD0C-45D3-8193-9C8D465111E3}.Debug|Any CPU.ActiveCfg = Debug|Any CPU
		{215CFA57-FD0C-45D3-8193-9C8D465111E3}.Debug|Any CPU.Build.0 = Debug|Any CPU
		{215CFA57-FD0C-45D3-8193-9C8D465111E3}.Release|Any CPU.ActiveCfg = Release|Any CPU
		{215CFA57-FD0C-45D3-8193-9C8D465111E3}.Release|Any CPU.Build.0 = Release|Any CPU
		{1EEE89FB-64B6-4696-B31B-1D49AC45C09D}.Debug|Any CPU.ActiveCfg = Debug|Any CPU
		{1EEE89FB-64B6-4696-B31B-1D49AC45C09D}.Debug|Any CPU.Build.0 = Debug|Any CPU
		{1EEE89FB-64B6-4696-B31B-1D49AC45C09D}.Release|Any CPU.ActiveCfg = Release|Any CPU
		{1EEE89FB-64B6-4696-B31B-1D49AC45C09D}.Release|Any CPU.Build.0 = Release|Any CPU
	EndGlobalSection
	GlobalSection(SolutionProperties) = preSolution
		HideSolutionNode = FALSE
	EndGlobalSection
	GlobalSection(ExtensibilityGlobals) = postSolution
		SolutionGuid = {6090BF9F-512A-4C10-B780-71F6D2D57D70}
	EndGlobalSection
EndGlobal
